{
  "version": 1,
  "dependencies": {
    "net9.0": {
      "FSharp.Core": {
        "type": "Direct",
        "requested": "[9.0.300, )",
        "resolved": "9.0.300",
        "contentHash": "2ZDoF/N7WPidmaflrTnPucUJfaV5XkIHCh4h77yET7ihuv2dR2ksSsIiiDd34Z9YmwyYEQocpDl1r6RXFr0DMg=="
      },
      "FSharp.Data": {
        "type": "Direct",
        "requested": "[6.6.0, )",
        "resolved": "6.6.0",
        "contentHash": "AC87/VZV1iGrnK1uG6QhX22HZARlFiCqdlckzPDgdE3+fzc0ZNRR3Y4ny5vbLvfDj2rjFoJdmRZy6kzI1C/sQQ==",
        "dependencies": {
          "FSharp.Core": "6.0.1",
          "FSharp.Data.Csv.Core": "6.6.0",
          "FSharp.Data.Html.Core": "6.6.0",
          "FSharp.Data.Http": "6.6.0",
          "FSharp.Data.Json.Core": "6.6.0",
          "FSharp.Data.Runtime.Utilities": "6.6.0",
          "FSharp.Data.WorldBank.Core": "6.6.0",
          "FSharp.Data.Xml.Core": "6.6.0"
        }
      },
      "FSharp.Data.Csv.Core": {
        "type": "Transitive",
        "resolved": "6.6.0",
        "contentHash": "gbmHT+XraE1OjUyf/+bmIaluoMMj/34MC5IX0QNWr+K8fu+UjKg854p+fkG5JkzWej0+46CTV7hW/CWP425naA==",
        "dependencies": {
          "FSharp.Core": "6.0.1",
          "FSharp.Data.Runtime.Utilities": "6.6.0"
        }
      },
      "FSharp.Data.Html.Core": {
        "type": "Transitive",
        "resolved": "6.6.0",
        "contentHash": "YxImykk5fUxw+rwvD26JfZYn/OAUataebsUobXu8KzkLtl/5fOhiPqpI54jAT4ysv2wHD5coCp30+5UsQXqxBQ==",
        "dependencies": {
          "FSharp.Core": "6.0.1",
          "FSharp.Data.Csv.Core": "6.6.0",
          "FSharp.Data.Runtime.Utilities": "6.6.0"
        }
      },
      "FSharp.Data.Http": {
        "type": "Transitive",
        "resolved": "6.6.0",
        "contentHash": "7nFDLYPqEps/F3Ay65Xm3YvS3OmARYB24xYv1CszOqurTZ76wM9vnsvyeFOMcCKXA+QgwK+eCa8cgyavmR1YxA==",
        "dependencies": {
          "FSharp.Core": "6.0.1"
        }
      },
      "FSharp.Data.Json.Core": {
        "type": "Transitive",
        "resolved": "6.6.0",
        "contentHash": "VhLkZwyzeMWsJHivY4GjLqIWh+gIm0rWW0BBlAh1M7XzmmumbPLDehUqOh6Nkm1R+N8iBhFgj7HBq6bmQzGnZA==",
        "dependencies": {
          "FSharp.Core": "6.0.1",
          "FSharp.Data.Http": "6.6.0",
          "FSharp.Data.Runtime.Utilities": "6.6.0"
        }
      },
      "FSharp.Data.Runtime.Utilities": {
        "type": "Transitive",
        "resolved": "6.6.0",
        "contentHash": "iLkCY0mQGxuIE2sEIFFOov9ZmWPwlQ0Jq51Xgqv+e0hbAPf2p4OaGp/DR4ye6VQCyVzHVCp9XyJQeHOhoWCQvA==",
        "dependencies": {
          "FSharp.Core": "6.0.1",
          "FSharp.Data.Http": "6.6.0"
        }
      },
      "FSharp.Data.WorldBank.Core": {
        "type": "Transitive",
        "resolved": "6.6.0",
        "contentHash": "Tg6Hk0+61McNviq+zATBhIDoyslV07hZjYsrzz6IHagbze+1JNiz8FCpwsHh0uAzkdNUZK2/qsrHtMQvM0lpdg==",
        "dependencies": {
          "FSharp.Core": "6.0.1",
          "FSharp.Data.Http": "6.6.0",
          "FSharp.Data.Json.Core": "6.6.0",
          "FSharp.Data.Runtime.Utilities": "6.6.0"
        }
      },
      "FSharp.Data.Xml.Core": {
        "type": "Transitive",
        "resolved": "6.6.0",
        "contentHash": "Z7U4mO0FHT5uHOYRLSK67izqJrCSvWpjcDPRQkJmYB5ge0sRfHWoKV8b4ttHLmpEg/eAdu64u00nITxpbZm+CA==",
        "dependencies": {
          "FSharp.Core": "6.0.1",
          "FSharp.Data.Http": "6.6.0",
          "FSharp.Data.Json.Core": "6.6.0",
          "FSharp.Data.Runtime.Utilities": "6.6.0"
        }
      }
    }
  }
}