{
  "version": 1,
  "dependencies": {
    "net9.0": {
      "FSharp.Core": {
        "type": "Direct",
        "requested": "[9.0.201, )",
        "resolved": "9.0.201",
        "contentHash": "Ozq4T0ISTkqTYJ035XW/JkdDDaXofbykvfyVwkjLSqaDZ/4uNXfpf92cjcMI9lf9CxWqmlWHScViPh/4AvnWcw=="
      },
      "FSharp.Data": {
        "type": "Direct",
        "requested": "[6.4.1, )",
        "resolved": "6.4.1",
        "contentHash": "P/ShAsNsuKrV9cpK7Mb/fSJ/kpinjOnVGRDXDzi/dYECS/lmlDrAvNVlodPbqCo5hIXvMMkKMc5C4f8ULLW7JQ==",
        "dependencies": {
          "FSharp.Core": "6.0.1",
          "FSharp.Data.Csv.Core": "6.4.1",
          "FSharp.Data.Html.Core": "6.4.1",
          "FSharp.Data.Http": "6.4.1",
          "FSharp.Data.Json.Core": "6.4.1",
          "FSharp.Data.Runtime.Utilities": "6.4.1",
          "FSharp.Data.WorldBank.Core": "6.4.1",
          "FSharp.Data.Xml.Core": "6.4.1"
        }
      },
      "FSharp.Data.Csv.Core": {
        "type": "Transitive",
        "resolved": "6.4.1",
        "contentHash": "/RmEq3HSafm4RPAPATDsDTY0aAkJ8ioDDJ0Qf/NuJW7c7/CC3xeU0XC3sHmDkp9v98aeQOSJdTa+NJrMTHzT7g==",
        "dependencies": {
          "FSharp.Core": "6.0.1",
          "FSharp.Data.Runtime.Utilities": "6.4.1"
        }
      },
      "FSharp.Data.Html.Core": {
        "type": "Transitive",
        "resolved": "6.4.1",
        "contentHash": "/T7k5FkR8nRJ3fZ8Bfaf/c9eda2ru0xCIbM+i2Qt/PgtHp2d1ZmDvQIWbYfDLWVcKjRVu/YpRYOw/2fX0RT8ew==",
        "dependencies": {
          "FSharp.Core": "6.0.1",
          "FSharp.Data.Csv.Core": "6.4.1",
          "FSharp.Data.Runtime.Utilities": "6.4.1"
        }
      },
      "FSharp.Data.Http": {
        "type": "Transitive",
        "resolved": "6.4.1",
        "contentHash": "7KxlBNwnSIiR1nsPal2ofmgU4Rag8dyDJ+cziW1L9Z+iA55aXeXO/RapQDnyVIwl/Fbm1scGAuSTWP36JNpQFg==",
        "dependencies": {
          "FSharp.Core": "6.0.1"
        }
      },
      "FSharp.Data.Json.Core": {
        "type": "Transitive",
        "resolved": "6.4.1",
        "contentHash": "mUyqLZiI0XPEiE9FIJLJ3Ndof4hEc2paW049Cw224knmp/b0brMwznLaOqtlmCr49QCELj0tcT0ZCKfb2cFS0g==",
        "dependencies": {
          "FSharp.Core": "6.0.1",
          "FSharp.Data.Http": "6.4.1",
          "FSharp.Data.Runtime.Utilities": "6.4.1"
        }
      },
      "FSharp.Data.Runtime.Utilities": {
        "type": "Transitive",
        "resolved": "6.4.1",
        "contentHash": "pG4X3QWilYMF3qjZWpod6QgO38uiYUM3/bkEsEyT69E3zAlFQFO9uUy0tqEhDznHvNx4QtZaScUM+06r94HHnQ==",
        "dependencies": {
          "FSharp.Core": "6.0.1",
          "FSharp.Data.Http": "6.4.1"
        }
      },
      "FSharp.Data.WorldBank.Core": {
        "type": "Transitive",
        "resolved": "6.4.1",
        "contentHash": "opXr3YMArDQCiA1nkEnhSf1s6E0QsotO0VZ5nvQcMXmDuDU4IA1i1DlYp4QVmCXRKj5EHPKMwZkTVNeQDuZ5Bg==",
        "dependencies": {
          "FSharp.Core": "6.0.1",
          "FSharp.Data.Http": "6.4.1",
          "FSharp.Data.Json.Core": "6.4.1",
          "FSharp.Data.Runtime.Utilities": "6.4.1"
        }
      },
      "FSharp.Data.Xml.Core": {
        "type": "Transitive",
        "resolved": "6.4.1",
        "contentHash": "TprbqQu+DdrR6Kl5biNCAsM8yeQs+pgqRpQYDorbbFIroGw1LBMoX+1iiigJcK89TwJAtiEzVrZCQzHvCDrCbA==",
        "dependencies": {
          "FSharp.Core": "6.0.1",
          "FSharp.Data.Http": "6.4.1",
          "FSharp.Data.Json.Core": "6.4.1",
          "FSharp.Data.Runtime.Utilities": "6.4.1"
        }
      }
    }
  }
}