
Microsoft Visual Studio Solution File, Format Version 12.00
# Visual Studio Version 17
VisualStudioVersion = 17.0.31903.59
MinimumVisualStudioVersion = 10.0.40219.1
#Project("{F2A71F9B-5D33-465A-A702-920D77279786}") = "PresqueYaml", "..\PresqueYaml\PresqueYaml\PresqueYaml.fsproj", "{7C71755F-D0D0-4645-9F4F-95DAC8CDFCB7}"
Project("{F2A71F9B-5D33-465A-A702-920D77279786}") = "Terrabuild", "src\Terrabuild\Terrabuild.fsproj", "{9DE39771-3C5A-47C8-905A-338367C27214}"
EndProject
Project("{2150E333-8FDC-42A3-9474-1A3956D46DE8}") = "src", "src", "{95B29BFC-EDC1-4700-A95B-D4D545D4505B}"
EndProject
Project("{F2A71F9B-5D33-465A-A702-920D77279786}") = "Terrabuild.Docker", "src\Terrabuild.Docker\Terrabuild.Docker.fsproj", "{0B7DA274-E8AC-4D46-896B-80C0F7EFC13F}"
EndProject
Project("{F2A71F9B-5D33-465A-A702-920D77279786}") = "Terrabuild.Dotnet", "src\Terrabuild.Dotnet\Terrabuild.Dotnet.fsproj", "{F862E944-2FF1-490C-8CCD-59BEBF3C586B}"
EndProject
Project("{F2A71F9B-5D33-465A-A702-920D77279786}") = "Terrabuild.Extensibility", "src\Terrabuild.Extensibility\Terrabuild.Extensibility.fsproj", "{D84B0ACC-5D11-4684-81B6-0583F1920F25}"
EndProject
Project("{F2A71F9B-5D33-465A-A702-920D77279786}") = "Terrabuild.Make", "src\Terrabuild.Make\Terrabuild.Make.fsproj", "{6BB0F5A2-384A-43DF-A621-EB3B4E0078A2}"
EndProject
Project("{F2A71F9B-5D33-465A-A702-920D77279786}") = "Terrabuild.Npm", "src\Terrabuild.Npm\Terrabuild.Npm.fsproj", "{E741A024-F322-4882-96B7-C42D3DAE294E}"
EndProject
Project("{F2A71F9B-5D33-465A-A702-920D77279786}") = "Terrabuild.Terraform", "src\Terrabuild.Terraform\Terrabuild.Terraform.fsproj", "{F5C5E8D8-14A4-426D-8D56-656C2D35E983}"
EndProject
Global
	GlobalSection(SolutionConfigurationPlatforms) = preSolution
		Debug|Any CPU = Debug|Any CPU
		Release|Any CPU = Release|Any CPU
	EndGlobalSection
	GlobalSection(SolutionProperties) = preSolution
		HideSolutionNode = FALSE
	EndGlobalSection
	GlobalSection(ProjectConfigurationPlatforms) = postSolution
		{9DE39771-3C5A-47C8-905A-338367C27214}.Debug|Any CPU.ActiveCfg = Debug|Any CPU
		{9DE39771-3C5A-47C8-905A-338367C27214}.Debug|Any CPU.Build.0 = Debug|Any CPU
		{9DE39771-3C5A-47C8-905A-338367C27214}.Release|Any CPU.ActiveCfg = Release|Any CPU
		{9DE39771-3C5A-47C8-905A-338367C27214}.Release|Any CPU.Build.0 = Release|Any CPU
		#		{7C71755F-D0D0-4645-9F4F-95DAC8CDFCB7}.Debug|Any CPU.ActiveCfg = Debug|Any CPU
		#		{7C71755F-D0D0-4645-9F4F-95DAC8CDFCB7}.Debug|Any CPU.Build.0 = Debug|Any CPU
		#		{7C71755F-D0D0-4645-9F4F-95DAC8CDFCB7}.Release|Any CPU.ActiveCfg = Release|Any CPU
		#		{7C71755F-D0D0-4645-9F4F-95DAC8CDFCB7}.Release|Any CPU.Build.0 = Release|Any CPU
		{0B7DA274-E8AC-4D46-896B-80C0F7EFC13F}.Debug|Any CPU.ActiveCfg = Debug|Any CPU
		{0B7DA274-E8AC-4D46-896B-80C0F7EFC13F}.Debug|Any CPU.Build.0 = Debug|Any CPU
		{0B7DA274-E8AC-4D46-896B-80C0F7EFC13F}.Release|Any CPU.ActiveCfg = Release|Any CPU
		{0B7DA274-E8AC-4D46-896B-80C0F7EFC13F}.Release|Any CPU.Build.0 = Release|Any CPU
		{F862E944-2FF1-490C-8CCD-59BEBF3C586B}.Debug|Any CPU.ActiveCfg = Debug|Any CPU
		{F862E944-2FF1-490C-8CCD-59BEBF3C586B}.Debug|Any CPU.Build.0 = Debug|Any CPU
		{F862E944-2FF1-490C-8CCD-59BEBF3C586B}.Release|Any CPU.ActiveCfg = Release|Any CPU
		{F862E944-2FF1-490C-8CCD-59BEBF3C586B}.Release|Any CPU.Build.0 = Release|Any CPU
		{D84B0ACC-5D11-4684-81B6-0583F1920F25}.Debug|Any CPU.ActiveCfg = Debug|Any CPU
		{D84B0ACC-5D11-4684-81B6-0583F1920F25}.Debug|Any CPU.Build.0 = Debug|Any CPU
		{D84B0ACC-5D11-4684-81B6-0583F1920F25}.Release|Any CPU.ActiveCfg = Release|Any CPU
		{D84B0ACC-5D11-4684-81B6-0583F1920F25}.Release|Any CPU.Build.0 = Release|Any CPU
		{6BB0F5A2-384A-43DF-A621-EB3B4E0078A2}.Debug|Any CPU.ActiveCfg = Debug|Any CPU
		{6BB0F5A2-384A-43DF-A621-EB3B4E0078A2}.Debug|Any CPU.Build.0 = Debug|Any CPU
		{6BB0F5A2-384A-43DF-A621-EB3B4E0078A2}.Release|Any CPU.ActiveCfg = Release|Any CPU
		{6BB0F5A2-384A-43DF-A621-EB3B4E0078A2}.Release|Any CPU.Build.0 = Release|Any CPU
		{E741A024-F322-4882-96B7-C42D3DAE294E}.Debug|Any CPU.ActiveCfg = Debug|Any CPU
		{E741A024-F322-4882-96B7-C42D3DAE294E}.Debug|Any CPU.Build.0 = Debug|Any CPU
		{E741A024-F322-4882-96B7-C42D3DAE294E}.Release|Any CPU.ActiveCfg = Release|Any CPU
		{E741A024-F322-4882-96B7-C42D3DAE294E}.Release|Any CPU.Build.0 = Release|Any CPU
		{F5C5E8D8-14A4-426D-8D56-656C2D35E983}.Debug|Any CPU.ActiveCfg = Debug|Any CPU
		{F5C5E8D8-14A4-426D-8D56-656C2D35E983}.Debug|Any CPU.Build.0 = Debug|Any CPU
		{F5C5E8D8-14A4-426D-8D56-656C2D35E983}.Release|Any CPU.ActiveCfg = Release|Any CPU
		{F5C5E8D8-14A4-426D-8D56-656C2D35E983}.Release|Any CPU.Build.0 = Release|Any CPU
	EndGlobalSection
	GlobalSection(NestedProjects) = preSolution
		{9DE39771-3C5A-47C8-905A-338367C27214} = {95B29BFC-EDC1-4700-A95B-D4D545D4505B}
		{0B7DA274-E8AC-4D46-896B-80C0F7EFC13F} = {95B29BFC-EDC1-4700-A95B-D4D545D4505B}
		{F862E944-2FF1-490C-8CCD-59BEBF3C586B} = {95B29BFC-EDC1-4700-A95B-D4D545D4505B}
		{D84B0ACC-5D11-4684-81B6-0583F1920F25} = {95B29BFC-EDC1-4700-A95B-D4D545D4505B}
		{6BB0F5A2-384A-43DF-A621-EB3B4E0078A2} = {95B29BFC-EDC1-4700-A95B-D4D545D4505B}
		{E741A024-F322-4882-96B7-C42D3DAE294E} = {95B29BFC-EDC1-4700-A95B-D4D545D4505B}
		{F5C5E8D8-14A4-426D-8D56-656C2D35E983} = {95B29BFC-EDC1-4700-A95B-D4D545D4505B}
	EndGlobalSection
EndGlobal
