
Microsoft Visual Studio Solution File, Format Version 12.00
# Visual Studio Version 17
VisualStudioVersion = 17.0.31903.59
MinimumVisualStudioVersion = 10.0.40219.1
#Project("{F2A71F9B-5D33-465A-A702-920D77279786}") = "PresqueYaml", "..\PresqueYaml\PresqueYaml\PresqueYaml.fsproj", "{7C71755F-D0D0-4645-9F4F-95DAC8CDFCB7}"
Project("{F2A71F9B-5D33-465A-A702-920D77279786}") = "Terrabuild", "src\Terrabuild\Terrabuild.fsproj", "{9DE39771-3C5A-47C8-905A-338367C27214}"
EndProject
Project("{2150E333-8FDC-42A3-9474-1A3956D46DE8}") = "src", "src", "{95B29BFC-EDC1-4700-A95B-D4D545D4505B}"
EndProject
Project("{F2A71F9B-5D33-465A-A702-920D77279786}") = "Terrabuild.Extensibility", "src\Terrabuild.Extensibility\Terrabuild.Extensibility.fsproj", "{CBD77128-B64D-4E55-AF6B-2CCE27EA6479}"
EndProject
Project("{F2A71F9B-5D33-465A-A702-920D77279786}") = "Terrabuild.Docker", "src\Terrabuild.Docker\Terrabuild.Docker.fsproj", "{D3C6EAD8-33FA-4B6E-ADB9-A08E0B54FD5C}"
EndProject
Project("{F2A71F9B-5D33-465A-A702-920D77279786}") = "Terrabuild.Dotnet", "src\Terrabuild.Dotnet\Terrabuild.Dotnet.fsproj", "{31A14ED0-4D5C-45B1-9F35-2A7FB187362D}"
EndProject
Project("{F2A71F9B-5D33-465A-A702-920D77279786}") = "Terrabuild.Make", "src\Terrabuild.Make\Terrabuild.Make.fsproj", "{F5BECA10-ED39-4F92-852D-165D06814742}"
EndProject
Project("{F2A71F9B-5D33-465A-A702-920D77279786}") = "Terrabuild.Npm", "src\Terrabuild.Npm\Terrabuild.Npm.fsproj", "{1B013D5D-C01A-4C24-BF05-2F224F9F5665}"
EndProject
Project("{F2A71F9B-5D33-465A-A702-920D77279786}") = "Terrabuild.Terraform", "src\Terrabuild.Terraform\Terrabuild.Terraform.fsproj", "{12C777AB-A6C4-4C4A-BD46-0EB65173F9B9}"
EndProject
Global
	GlobalSection(SolutionConfigurationPlatforms) = preSolution
		Debug|Any CPU = Debug|Any CPU
		Release|Any CPU = Release|Any CPU
	EndGlobalSection
	GlobalSection(SolutionProperties) = preSolution
		HideSolutionNode = FALSE
	EndGlobalSection
	GlobalSection(ProjectConfigurationPlatforms) = postSolution
		{9DE39771-3C5A-47C8-905A-338367C27214}.Debug|Any CPU.ActiveCfg = Debug|Any CPU
		{9DE39771-3C5A-47C8-905A-338367C27214}.Debug|Any CPU.Build.0 = Debug|Any CPU
		{9DE39771-3C5A-47C8-905A-338367C27214}.Release|Any CPU.ActiveCfg = Release|Any CPU
		{9DE39771-3C5A-47C8-905A-338367C27214}.Release|Any CPU.Build.0 = Release|Any CPU
		#		{7C71755F-D0D0-4645-9F4F-95DAC8CDFCB7}.Debug|Any CPU.ActiveCfg = Debug|Any CPU
		#		{7C71755F-D0D0-4645-9F4F-95DAC8CDFCB7}.Debug|Any CPU.Build.0 = Debug|Any CPU
		#		{7C71755F-D0D0-4645-9F4F-95DAC8CDFCB7}.Release|Any CPU.ActiveCfg = Release|Any CPU
		#		{7C71755F-D0D0-4645-9F4F-95DAC8CDFCB7}.Release|Any CPU.Build.0 = Release|Any CPU
		{CBD77128-B64D-4E55-AF6B-2CCE27EA6479}.Debug|Any CPU.ActiveCfg = Debug|Any CPU
		{CBD77128-B64D-4E55-AF6B-2CCE27EA6479}.Debug|Any CPU.Build.0 = Debug|Any CPU
		{CBD77128-B64D-4E55-AF6B-2CCE27EA6479}.Release|Any CPU.ActiveCfg = Release|Any CPU
		{CBD77128-B64D-4E55-AF6B-2CCE27EA6479}.Release|Any CPU.Build.0 = Release|Any CPU
		{D3C6EAD8-33FA-4B6E-ADB9-A08E0B54FD5C}.Debug|Any CPU.ActiveCfg = Debug|Any CPU
		{D3C6EAD8-33FA-4B6E-ADB9-A08E0B54FD5C}.Debug|Any CPU.Build.0 = Debug|Any CPU
		{D3C6EAD8-33FA-4B6E-ADB9-A08E0B54FD5C}.Release|Any CPU.ActiveCfg = Release|Any CPU
		{D3C6EAD8-33FA-4B6E-ADB9-A08E0B54FD5C}.Release|Any CPU.Build.0 = Release|Any CPU
		{31A14ED0-4D5C-45B1-9F35-2A7FB187362D}.Debug|Any CPU.ActiveCfg = Debug|Any CPU
		{31A14ED0-4D5C-45B1-9F35-2A7FB187362D}.Debug|Any CPU.Build.0 = Debug|Any CPU
		{31A14ED0-4D5C-45B1-9F35-2A7FB187362D}.Release|Any CPU.ActiveCfg = Release|Any CPU
		{31A14ED0-4D5C-45B1-9F35-2A7FB187362D}.Release|Any CPU.Build.0 = Release|Any CPU
		{F5BECA10-ED39-4F92-852D-165D06814742}.Debug|Any CPU.ActiveCfg = Debug|Any CPU
		{F5BECA10-ED39-4F92-852D-165D06814742}.Debug|Any CPU.Build.0 = Debug|Any CPU
		{F5BECA10-ED39-4F92-852D-165D06814742}.Release|Any CPU.ActiveCfg = Release|Any CPU
		{F5BECA10-ED39-4F92-852D-165D06814742}.Release|Any CPU.Build.0 = Release|Any CPU
		{1B013D5D-C01A-4C24-BF05-2F224F9F5665}.Debug|Any CPU.ActiveCfg = Debug|Any CPU
		{1B013D5D-C01A-4C24-BF05-2F224F9F5665}.Debug|Any CPU.Build.0 = Debug|Any CPU
		{1B013D5D-C01A-4C24-BF05-2F224F9F5665}.Release|Any CPU.ActiveCfg = Release|Any CPU
		{1B013D5D-C01A-4C24-BF05-2F224F9F5665}.Release|Any CPU.Build.0 = Release|Any CPU
		{12C777AB-A6C4-4C4A-BD46-0EB65173F9B9}.Debug|Any CPU.ActiveCfg = Debug|Any CPU
		{12C777AB-A6C4-4C4A-BD46-0EB65173F9B9}.Debug|Any CPU.Build.0 = Debug|Any CPU
		{12C777AB-A6C4-4C4A-BD46-0EB65173F9B9}.Release|Any CPU.ActiveCfg = Release|Any CPU
		{12C777AB-A6C4-4C4A-BD46-0EB65173F9B9}.Release|Any CPU.Build.0 = Release|Any CPU
	EndGlobalSection
	GlobalSection(NestedProjects) = preSolution
		{CBD77128-B64D-4E55-AF6B-2CCE27EA6479} = {95B29BFC-EDC1-4700-A95B-D4D545D4505B}
		{9DE39771-3C5A-47C8-905A-338367C27214} = {95B29BFC-EDC1-4700-A95B-D4D545D4505B}
		{D3C6EAD8-33FA-4B6E-ADB9-A08E0B54FD5C} = {95B29BFC-EDC1-4700-A95B-D4D545D4505B}
		{31A14ED0-4D5C-45B1-9F35-2A7FB187362D} = {95B29BFC-EDC1-4700-A95B-D4D545D4505B}
		{F5BECA10-ED39-4F92-852D-165D06814742} = {95B29BFC-EDC1-4700-A95B-D4D545D4505B}
		{1B013D5D-C01A-4C24-BF05-2F224F9F5665} = {95B29BFC-EDC1-4700-A95B-D4D545D4505B}
		{12C777AB-A6C4-4C4A-BD46-0EB65173F9B9} = {95B29BFC-EDC1-4700-A95B-D4D545D4505B}
	EndGlobalSection
EndGlobal
