
Microsoft Visual Studio Solution File, Format Version 12.00
# Visual Studio Version 17
VisualStudioVersion = 17.0.31903.59
MinimumVisualStudioVersion = 10.0.40219.1
#Project("{F2A71F9B-5D33-465A-A702-920D77279786}") = "PresqueYaml", "..\PresqueYaml\PresqueYaml\PresqueYaml.fsproj", "{7C71755F-D0D0-4645-9F4F-95DAC8CDFCB7}"
Project("{F2A71F9B-5D33-465A-A702-920D77279786}") = "Terrabuild", "src\Terrabuild\Terrabuild.fsproj", "{9DE39771-3C5A-47C8-905A-338367C27214}"
EndProject
Project("{2150E333-8FDC-42A3-9474-1A3956D46DE8}") = "src", "src", "{95B29BFC-EDC1-4700-A95B-D4D545D4505B}"
EndProject
Global
	GlobalSection(SolutionConfigurationPlatforms) = preSolution
		Debug|Any CPU = Debug|Any CPU
		Release|Any CPU = Release|Any CPU
	EndGlobalSection
	GlobalSection(SolutionProperties) = preSolution
		HideSolutionNode = FALSE
	EndGlobalSection
	GlobalSection(ProjectConfigurationPlatforms) = postSolution
		{9DE39771-3C5A-47C8-905A-338367C27214}.Debug|Any CPU.ActiveCfg = Debug|Any CPU
		{9DE39771-3C5A-47C8-905A-338367C27214}.Debug|Any CPU.Build.0 = Debug|Any CPU
		{9DE39771-3C5A-47C8-905A-338367C27214}.Release|Any CPU.ActiveCfg = Release|Any CPU
		{9DE39771-3C5A-47C8-905A-338367C27214}.Release|Any CPU.Build.0 = Release|Any CPU
		#		{7C71755F-D0D0-4645-9F4F-95DAC8CDFCB7}.Debug|Any CPU.ActiveCfg = Debug|Any CPU
		#		{7C71755F-D0D0-4645-9F4F-95DAC8CDFCB7}.Debug|Any CPU.Build.0 = Debug|Any CPU
		#		{7C71755F-D0D0-4645-9F4F-95DAC8CDFCB7}.Release|Any CPU.ActiveCfg = Release|Any CPU
		#		{7C71755F-D0D0-4645-9F4F-95DAC8CDFCB7}.Release|Any CPU.Build.0 = Release|Any CPU
	EndGlobalSection
	GlobalSection(NestedProjects) = preSolution
		{9DE39771-3C5A-47C8-905A-338367C27214} = {95B29BFC-EDC1-4700-A95B-D4D545D4505B}
	EndGlobalSection
EndGlobal
