{
  "version": 1,
  "dependencies": {
    ".NETStandard,Version=v2.1": {
      "FSharp.Core": {
        "type": "Direct",
        "requested": "[8.0.401, )",
        "resolved": "8.0.401",
        "contentHash": "pvmquLrs82m8WqWB49Gj+hsmnWURkUbc++pJ0P2NdrEv1ZVVrhDNjSiFNP4wW4HiTowwaRhjiBc5IKNV35Vf/A=="
      }
    },
    ".NETStandard,Version=v2.1/linux-x64": {},
    ".NETStandard,Version=v2.1/osx-arm64": {},
    ".NETStandard,Version=v2.1/osx-x64": {},
    ".NETStandard,Version=v2.1/win-x64": {}
  }
}