{
  "version": 1,
  "dependencies": {
    ".NETStandard,Version=v2.1": {
      "FSharp.Core": {
        "type": "Direct",
        "requested": "[10.0.100, )",
        "resolved": "10.0.100",
        "contentHash": "086+usYoFagObWfl0HhGEOCJumdwYeqWXt7cEi1jUZj0pbUMkAH2IGsJVHTlwpLRyUXvmKxpskso0V3UjYpRQw=="
      }
    },
    ".NETStandard,Version=v2.1/osx-arm64": {}
  }
}