{
  "version": 1,
  "dependencies": {
    ".NETStandard,Version=v2.1": {
      "FSharp.Core": {
        "type": "Direct",
        "requested": "[8.0.400, )",
        "resolved": "8.0.400",
        "contentHash": "kHMdDDmlZl98tujgHCmL8/HNH9VKbxsRMC9s7wbwr4noR40SSa5D4d00yF8cMK52s8jabVuiLLcrUw9r+PkKDQ=="
      }
    },
    ".NETStandard,Version=v2.1/linux-x64": {},
    ".NETStandard,Version=v2.1/osx-arm64": {},
    ".NETStandard,Version=v2.1/osx-x64": {},
    ".NETStandard,Version=v2.1/win-x64": {}
  }
}