{
  "version": 1,
  "dependencies": {
    "net9.0": {
      "FSharp.Core": {
        "type": "Direct",
        "requested": "[9.0.300, )",
        "resolved": "9.0.300",
        "contentHash": "TVt2J7RCE1KCS2IaONF+p8/KIZ1eHNbW+7qmKF6hGoD4tXl+o07ja1mPtFjMqRa5uHMFaTrGTPn/m945WnDLiQ=="
      },
      "System.Text.Json": {
        "type": "Direct",
        "requested": "[9.0.0, )",
        "resolved": "9.0.0",
        "contentHash": "js7+qAu/9mQvnhA4EfGMZNEzXtJCDxgkgj8ohuxq/Qxv+R56G+ljefhiJHOxTNiw54q8vmABCWUwkMulNdlZ4A=="
      },
      "FSharp.SystemTextJson": {
        "type": "Transitive",
        "resolved": "1.4.34",
        "contentHash": "xEGhc4kmj9zir6M2pxjYB8lIcMBCrPuxsvNL4+GCkw5jrD+m+61tb7rJ5XeWKcWOaMjaHhUkqTzrNpYITR+7iQ==",
        "dependencies": {
          "FSharp.Core": "4.7.0",
          "System.Text.Json": "6.0.10"
        }
      },
      "Microsoft.Extensions.FileSystemGlobbing": {
        "type": "Transitive",
        "resolved": "9.0.6",
        "contentHash": "1HJCAbwukNEoYbHgHbKHmenU0V/0huw8+i7Qtf5rLUG1E+3kEwRJQxpwD3wbTEagIgPSQisNgJTvmUX9yYVc6g=="
      },
      "terrabuild.common": {
        "type": "Project",
        "dependencies": {
          "FSharp.Core": "[9.0.300, )",
          "FSharp.SystemTextJson": "[1.4.34, )",
          "Microsoft.Extensions.FileSystemGlobbing": "[9.0.6, )",
          "System.Text.Json": "[9.0.0, )"
        }
      }
    },
    "net9.0/linux-arm64": {},
    "net9.0/linux-x64": {},
    "net9.0/osx-arm64": {},
    "net9.0/osx-x64": {},
    "net9.0/win-arm64": {},
    "net9.0/win-x64": {}
  }
}