{
  "version": 1,
  "dependencies": {
    "net9.0": {
      "FSharp.Core": {
        "type": "Direct",
        "requested": "[9.0.303, )",
        "resolved": "9.0.303",
        "contentHash": "6JlV8aD8qQvcmfoe/PMOxCHXc0uX4lR23u0fAyQtnVQxYULLoTZgwgZHSnRcuUHOvS3wULFWcwdnP1iwslH60g=="
      },
      "System.Text.Json": {
        "type": "Direct",
        "requested": "[9.0.0, )",
        "resolved": "9.0.0",
        "contentHash": "js7+qAu/9mQvnhA4EfGMZNEzXtJCDxgkgj8ohuxq/Qxv+R56G+ljefhiJHOxTNiw54q8vmABCWUwkMulNdlZ4A=="
      },
      "FSharp.SystemTextJson": {
        "type": "Transitive",
        "resolved": "1.4.36",
        "contentHash": "1xLk0SBF1nedD74B77rcArjD2d+DeZwbNI7BVCAyKwIBERo1VoX8Mf4AtX0OV2L3ZeM/XS1b6BuhXCyoh0KBnw==",
        "dependencies": {
          "FSharp.Core": "4.7.0",
          "System.Text.Json": "6.0.10"
        }
      },
      "FsLexYacc": {
        "type": "Transitive",
        "resolved": "11.3.0",
        "contentHash": "v0Q3/c0tizN8vRZ72Tdo+OKU767Yjul0wRJgG1/W15H4tK/9qHne/mylw/gTEIC8FV2zgiDlAudhQpdZXYG3IA==",
        "dependencies": {
          "FSharp.Core": "4.6.2",
          "FsLexYacc.Runtime": "11.3.0"
        }
      },
      "FsLexYacc.Runtime": {
        "type": "Transitive",
        "resolved": "11.3.0",
        "contentHash": "36b+4G+85WXU3kmbtq9hFSMGCLkn1nLzJoPgNaLUusnjXrC5ndAyS+hl13H6frpLCS3DB1wAmx/1SGYDe0avMw==",
        "dependencies": {
          "FSharp.Core": "4.6.2"
        }
      },
      "LibGit2Sharp": {
        "type": "Transitive",
        "resolved": "0.31.0",
        "contentHash": "b3+UfV7LjKMjAHWwl7VawejiOv2gJIC6dTCA/S0puLTHACAA/Oeb5JJmWUQMeyH/T/WR/LaIK8bk2RbdFnrZvg==",
        "dependencies": {
          "LibGit2Sharp.NativeBinaries": "[2.0.323]"
        }
      },
      "LibGit2Sharp.NativeBinaries": {
        "type": "Transitive",
        "resolved": "2.0.323",
        "contentHash": "Kg+fJGWhGj5qRXG0Ilj4ddhuodGXZg57yhfX6OVUDR0M2DKg/UR42/d74+qv5l1qotc1qJilo/ho7xQnULP6yA=="
      },
      "Microsoft.Extensions.FileSystemGlobbing": {
        "type": "Transitive",
        "resolved": "9.0.8",
        "contentHash": "96Ub5LmwYfIGVoXkbe4kjs+ivK6fLBTwKJAOMfUNV0R+AkZRItlgROFqXEWMUlXBTPM1/kKu26Ueu5As6RDzJA=="
      },
      "terrabuild.common": {
        "type": "Project",
        "dependencies": {
          "FSharp.Core": "[9.0.303, )",
          "FSharp.SystemTextJson": "[1.4.36, )",
          "LibGit2Sharp": "[0.31.0, )",
          "Microsoft.Extensions.FileSystemGlobbing": "[9.0.8, )",
          "System.Text.Json": "[9.0.0, )"
        }
      },
      "terrabuild.expressions": {
        "type": "Project",
        "dependencies": {
          "FSharp.Core": "[9.0.303, )",
          "System.Text.Json": "[9.0.0, )",
          "Terrabuild.Common": "[0.0.0, )"
        }
      },
      "terrabuild.lang": {
        "type": "Project",
        "dependencies": {
          "FSharp.Core": "[9.0.303, )",
          "FsLexYacc": "[11.3.0, )",
          "System.Text.Json": "[9.0.0, )",
          "Terrabuild.Common": "[0.0.0, )",
          "Terrabuild.Expressions": "[0.0.0, )"
        }
      }
    },
    "net9.0/linux-arm64": {
      "LibGit2Sharp.NativeBinaries": {
        "type": "Transitive",
        "resolved": "2.0.323",
        "contentHash": "Kg+fJGWhGj5qRXG0Ilj4ddhuodGXZg57yhfX6OVUDR0M2DKg/UR42/d74+qv5l1qotc1qJilo/ho7xQnULP6yA=="
      }
    },
    "net9.0/linux-x64": {
      "LibGit2Sharp.NativeBinaries": {
        "type": "Transitive",
        "resolved": "2.0.323",
        "contentHash": "Kg+fJGWhGj5qRXG0Ilj4ddhuodGXZg57yhfX6OVUDR0M2DKg/UR42/d74+qv5l1qotc1qJilo/ho7xQnULP6yA=="
      }
    },
    "net9.0/osx-arm64": {
      "LibGit2Sharp.NativeBinaries": {
        "type": "Transitive",
        "resolved": "2.0.323",
        "contentHash": "Kg+fJGWhGj5qRXG0Ilj4ddhuodGXZg57yhfX6OVUDR0M2DKg/UR42/d74+qv5l1qotc1qJilo/ho7xQnULP6yA=="
      }
    },
    "net9.0/osx-x64": {
      "LibGit2Sharp.NativeBinaries": {
        "type": "Transitive",
        "resolved": "2.0.323",
        "contentHash": "Kg+fJGWhGj5qRXG0Ilj4ddhuodGXZg57yhfX6OVUDR0M2DKg/UR42/d74+qv5l1qotc1qJilo/ho7xQnULP6yA=="
      }
    },
    "net9.0/win-arm64": {
      "LibGit2Sharp.NativeBinaries": {
        "type": "Transitive",
        "resolved": "2.0.323",
        "contentHash": "Kg+fJGWhGj5qRXG0Ilj4ddhuodGXZg57yhfX6OVUDR0M2DKg/UR42/d74+qv5l1qotc1qJilo/ho7xQnULP6yA=="
      }
    },
    "net9.0/win-x64": {
      "LibGit2Sharp.NativeBinaries": {
        "type": "Transitive",
        "resolved": "2.0.323",
        "contentHash": "Kg+fJGWhGj5qRXG0Ilj4ddhuodGXZg57yhfX6OVUDR0M2DKg/UR42/d74+qv5l1qotc1qJilo/ho7xQnULP6yA=="
      }
    }
  }
}