{
  "version": 1,
  "dependencies": {
    "net9.0": {
      "FSharp.Core": {
        "type": "Direct",
        "requested": "[9.0.101, )",
        "resolved": "9.0.101",
        "contentHash": "3/YR1SDWFA+Ojx9HiBwND+0UR8ZWoeZfkhD0DWAPCDdr/YI+CyFkArmMGzGSyPXeYtjG0sy0emzfyNwjt7zhig=="
      },
      "FsLexYacc": {
        "type": "Direct",
        "requested": "[11.3.0, )",
        "resolved": "11.3.0",
        "contentHash": "v0Q3/c0tizN8vRZ72Tdo+OKU767Yjul0wRJgG1/W15H4tK/9qHne/mylw/gTEIC8FV2zgiDlAudhQpdZXYG3IA==",
        "dependencies": {
          "FSharp.Core": "4.6.2",
          "FsLexYacc.Runtime": "11.3.0"
        }
      },
      "System.Text.Json": {
        "type": "Direct",
        "requested": "[9.0.0, )",
        "resolved": "9.0.0",
        "contentHash": "js7+qAu/9mQvnhA4EfGMZNEzXtJCDxgkgj8ohuxq/Qxv+R56G+ljefhiJHOxTNiw54q8vmABCWUwkMulNdlZ4A=="
      },
      "FSharp.SystemTextJson": {
        "type": "Transitive",
        "resolved": "1.3.13",
        "contentHash": "znp8odpdkVGKVX0AvbhiXdmeMi0KJ+A4AyAQWSkfAEAe4Z4clRE+rVhrLnAGrFD1VEIUX2lsQ4o84ywpWZUSGw==",
        "dependencies": {
          "FSharp.Core": "4.7.0",
          "System.Text.Json": "6.0.0"
        }
      },
      "FsLexYacc.Runtime": {
        "type": "Transitive",
        "resolved": "11.3.0",
        "contentHash": "36b+4G+85WXU3kmbtq9hFSMGCLkn1nLzJoPgNaLUusnjXrC5ndAyS+hl13H6frpLCS3DB1wAmx/1SGYDe0avMw==",
        "dependencies": {
          "FSharp.Core": "4.6.2"
        }
      },
      "Microsoft.Extensions.FileSystemGlobbing": {
        "type": "Transitive",
        "resolved": "9.0.1",
        "contentHash": "Mxcp9NXuQMvAnudRZcgIb5SqlWrlullQzntBLTwuv0MPIJ5LqiGwbRqiyxgdk+vtCoUkplb0oXy5kAw1t469Ug=="
      },
      "terrabuild.common": {
        "type": "Project",
        "dependencies": {
          "FSharp.Core": "[9.0.101, )",
          "FSharp.SystemTextJson": "[1.3.13, )",
          "Microsoft.Extensions.FileSystemGlobbing": "[9.0.1, )",
          "System.Text.Json": "[9.0.0, )"
        }
      },
      "terrabuild.expressions": {
        "type": "Project",
        "dependencies": {
          "FSharp.Core": "[9.0.101, )",
          "System.Text.Json": "[9.0.0, )",
          "Terrabuild.Common": "[1.0.0, )"
        }
      }
    },
    "net9.0/linux-arm64": {},
    "net9.0/linux-x64": {},
    "net9.0/osx-arm64": {},
    "net9.0/osx-x64": {},
    "net9.0/win-arm64": {},
    "net9.0/win-x64": {}
  }
}