{
  "version": 1,
  "dependencies": {
    "net8.0": {
      "FSharp.Core": {
        "type": "Direct",
        "requested": "[8.0.300, )",
        "resolved": "8.0.300",
        "contentHash": "Jv44fV7TNglyMku89lQcA4Q6mFKLyHb2bs1Yb72nvSVc+cHplEnoZ4XQUaaTLJGUTx/iMqcrkYGtaLzkkIhpaA=="
      },
      "FsLexYacc": {
        "type": "Direct",
        "requested": "[10.2.0, )",
        "resolved": "10.2.0",
        "contentHash": "q7mhuEMm8rvFAJ9jaH1atYCRN96tMbjHarYIDooeMKFCbUuqvep+vA2ijGhA06GZ5BG+jg4TjG6dt/4gR2qHHA==",
        "dependencies": {
          "FSharp.Core": "4.5.2",
          "FsLexYacc.Runtime": "[10.2.0, 10.3.0)"
        }
      },
      "FSharp.SystemTextJson": {
        "type": "Transitive",
        "resolved": "1.2.42",
        "contentHash": "vE6Uix1P272NdHOVHRIByhEdATGa+eMpm+BcmxJymZnlPAnxsr0/fKJdnVAvi7XHuZy8WQUu7w1i8tkP3V2OBg==",
        "dependencies": {
          "FSharp.Core": "4.7.0",
          "System.Text.Json": "6.0.0"
        }
      },
      "FsLexYacc.Runtime": {
        "type": "Transitive",
        "resolved": "10.2.0",
        "contentHash": "d2+gguRIvsn1e7AycVc0r7L1QWptrnUOvQvJLbgkANcS5SjfM/FRgfUGwfqV2cJo3KOFQB5Mqmda/4YTQkkvdA==",
        "dependencies": {
          "FSharp.Core": "4.5.2"
        }
      },
      "Microsoft.Extensions.FileSystemGlobbing": {
        "type": "Transitive",
        "resolved": "8.0.0",
        "contentHash": "OK+670i7esqlQrPjdIKRbsyMCe9g5kSLpRRQGSr4Q58AOYEe/hCnfLZprh7viNisSUUQZmMrbbuDaIrP+V1ebQ=="
      },
      "System.Runtime.CompilerServices.Unsafe": {
        "type": "Transitive",
        "resolved": "6.0.0",
        "contentHash": "/iUeP3tq1S0XdNNoMz5C9twLSrM/TH+qElHkXWaPvuNOt+99G75NrV0OS2EqHx5wMN7popYjpc8oTjC1y16DLg=="
      },
      "System.Text.Encodings.Web": {
        "type": "Transitive",
        "resolved": "6.0.0",
        "contentHash": "Vg8eB5Tawm1IFqj4TVK1czJX89rhFxJo9ELqc/Eiq0eXy13RK00eubyU6TJE6y+GQXjyV5gSfiewDUZjQgSE0w==",
        "dependencies": {
          "System.Runtime.CompilerServices.Unsafe": "6.0.0"
        }
      },
      "System.Text.Json": {
        "type": "Transitive",
        "resolved": "6.0.0",
        "contentHash": "zaJsHfESQvJ11vbXnNlkrR46IaMULk/gHxYsJphzSF+07kTjPHv+Oc14w6QEOfo3Q4hqLJgStUaYB9DBl0TmWg==",
        "dependencies": {
          "System.Runtime.CompilerServices.Unsafe": "6.0.0",
          "System.Text.Encodings.Web": "6.0.0"
        }
      },
      "terrabuild.common": {
        "type": "Project",
        "dependencies": {
          "FSharp.Core": "[8.0.300, )",
          "FSharp.SystemTextJson": "[1.2.42, )",
          "Microsoft.Extensions.FileSystemGlobbing": "[8.0.0, )"
        }
      },
      "terrabuild.expressions": {
        "type": "Project",
        "dependencies": {
          "FSharp.Core": "[8.0.300, )",
          "Terrabuild.Common": "[0.0.0, )"
        }
      }
    },
    "net8.0/osx-arm64": {
      "System.Text.Encodings.Web": {
        "type": "Transitive",
        "resolved": "6.0.0",
        "contentHash": "Vg8eB5Tawm1IFqj4TVK1czJX89rhFxJo9ELqc/Eiq0eXy13RK00eubyU6TJE6y+GQXjyV5gSfiewDUZjQgSE0w==",
        "dependencies": {
          "System.Runtime.CompilerServices.Unsafe": "6.0.0"
        }
      }
    }
  }
}