{
  "version": 1,
  "dependencies": {
    "net8.0": {
      "FSharp.Compiler.Service": {
        "type": "Direct",
        "requested": "[43.8.300, )",
        "resolved": "43.8.300",
        "contentHash": "CoPjQYXXwmYkkHm+yxBHSW9IJVLpvwkKGEzXa5A6ebf8v6GfYaxZc5G+VHojDr586oezp1elFemu+A1WWH095A==",
        "dependencies": {
          "FSharp.Core": "[8.0.300]",
          "System.Buffers": "4.5.1",
          "System.Collections.Immutable": "7.0.0",
          "System.Diagnostics.DiagnosticSource": "7.0.2",
          "System.Memory": "4.5.5",
          "System.Reflection.Emit": "4.7.0",
          "System.Reflection.Metadata": "7.0.0",
          "System.Runtime.CompilerServices.Unsafe": "6.0.0"
        }
      },
      "FSharp.Core": {
        "type": "Direct",
        "requested": "[8.0.300, )",
        "resolved": "8.0.300",
        "contentHash": "Jv44fV7TNglyMku89lQcA4Q6mFKLyHb2bs1Yb72nvSVc+cHplEnoZ4XQUaaTLJGUTx/iMqcrkYGtaLzkkIhpaA=="
      },
      "FSharp.SystemTextJson": {
        "type": "Transitive",
        "resolved": "1.2.42",
        "contentHash": "vE6Uix1P272NdHOVHRIByhEdATGa+eMpm+BcmxJymZnlPAnxsr0/fKJdnVAvi7XHuZy8WQUu7w1i8tkP3V2OBg==",
        "dependencies": {
          "FSharp.Core": "4.7.0",
          "System.Text.Json": "6.0.0"
        }
      },
      "Microsoft.Extensions.FileSystemGlobbing": {
        "type": "Transitive",
        "resolved": "8.0.0",
        "contentHash": "OK+670i7esqlQrPjdIKRbsyMCe9g5kSLpRRQGSr4Q58AOYEe/hCnfLZprh7viNisSUUQZmMrbbuDaIrP+V1ebQ=="
      },
      "System.Buffers": {
        "type": "Transitive",
        "resolved": "4.5.1",
        "contentHash": "Rw7ijyl1qqRS0YQD/WycNst8hUUMgrMH4FCn1nNm27M4VxchZ1js3fVjQaANHO5f3sN4isvP4a+Met9Y4YomAg=="
      },
      "System.Collections.Immutable": {
        "type": "Transitive",
        "resolved": "7.0.0",
        "contentHash": "dQPcs0U1IKnBdRDBkrCTi1FoajSTBzLcVTpjO4MBCMC7f4pDOIPzgBoX8JjG7X6uZRJ8EBxsi8+DR1JuwjnzOQ=="
      },
      "System.Diagnostics.DiagnosticSource": {
        "type": "Transitive",
        "resolved": "7.0.2",
        "contentHash": "hYr3I9N9811e0Bjf2WNwAGGyTuAFbbTgX1RPLt/3Wbm68x3IGcX5Cl75CMmgT6WlNwLQ2tCCWfqYPpypjaf2xA=="
      },
      "System.Memory": {
        "type": "Transitive",
        "resolved": "4.5.5",
        "contentHash": "XIWiDvKPXaTveaB7HVganDlOCRoj03l+jrwNvcge/t8vhGYKvqV+dMv6G4SAX2NoNmN0wZfVPTAlFwZcZvVOUw=="
      },
      "System.Reflection.Emit": {
        "type": "Transitive",
        "resolved": "4.7.0",
        "contentHash": "VR4kk8XLKebQ4MZuKuIni/7oh+QGFmZW3qORd1GvBq/8026OpW501SzT/oypwiQl4TvT8ErnReh/NzY9u+C6wQ=="
      },
      "System.Reflection.Metadata": {
        "type": "Transitive",
        "resolved": "7.0.0",
        "contentHash": "MclTG61lsD9sYdpNz9xsKBzjsmsfCtcMZYXz/IUr2zlhaTaABonlr1ESeompTgM+Xk+IwtGYU7/voh3YWB/fWw==",
        "dependencies": {
          "System.Collections.Immutable": "7.0.0"
        }
      },
      "System.Runtime.CompilerServices.Unsafe": {
        "type": "Transitive",
        "resolved": "6.0.0",
        "contentHash": "/iUeP3tq1S0XdNNoMz5C9twLSrM/TH+qElHkXWaPvuNOt+99G75NrV0OS2EqHx5wMN7popYjpc8oTjC1y16DLg=="
      },
      "System.Text.Encodings.Web": {
        "type": "Transitive",
        "resolved": "6.0.0",
        "contentHash": "Vg8eB5Tawm1IFqj4TVK1czJX89rhFxJo9ELqc/Eiq0eXy13RK00eubyU6TJE6y+GQXjyV5gSfiewDUZjQgSE0w==",
        "dependencies": {
          "System.Runtime.CompilerServices.Unsafe": "6.0.0"
        }
      },
      "System.Text.Json": {
        "type": "Transitive",
        "resolved": "6.0.0",
        "contentHash": "zaJsHfESQvJ11vbXnNlkrR46IaMULk/gHxYsJphzSF+07kTjPHv+Oc14w6QEOfo3Q4hqLJgStUaYB9DBl0TmWg==",
        "dependencies": {
          "System.Runtime.CompilerServices.Unsafe": "6.0.0",
          "System.Text.Encodings.Web": "6.0.0"
        }
      },
      "terrabuild.common": {
        "type": "Project",
        "dependencies": {
          "FSharp.Core": "[8.0.300, )",
          "FSharp.SystemTextJson": "[1.2.42, )",
          "Microsoft.Extensions.FileSystemGlobbing": "[8.0.0, )"
        }
      },
      "terrabuild.expressions": {
        "type": "Project",
        "dependencies": {
          "FSharp.Core": "[8.0.300, )",
          "Terrabuild.Common": "[0.0.0, )"
        }
      }
    },
    "net8.0/linux-x64": {
      "System.Text.Encodings.Web": {
        "type": "Transitive",
        "resolved": "6.0.0",
        "contentHash": "Vg8eB5Tawm1IFqj4TVK1czJX89rhFxJo9ELqc/Eiq0eXy13RK00eubyU6TJE6y+GQXjyV5gSfiewDUZjQgSE0w==",
        "dependencies": {
          "System.Runtime.CompilerServices.Unsafe": "6.0.0"
        }
      }
    }
  }
}