{
  "version": 1,
  "dependencies": {
    "net9.0": {
      "FSharp.Compiler.Service": {
        "type": "Direct",
        "requested": "[43.9.202, )",
        "resolved": "43.9.202",
        "contentHash": "E66wiogMms6201AV4asUsrOrw1yx4HSVwyOzpqhR7rp+tWNZ476o+h7ICrjSVHzaEWUX4vGtjTOked4bVtd5UQ==",
        "dependencies": {
          "FSharp.Core": "[9.0.202]",
          "System.Buffers": "4.6.0",
          "System.Collections.Immutable": "8.0.0",
          "System.Diagnostics.DiagnosticSource": "8.0.0",
          "System.Memory": "4.5.5",
          "System.Reflection.Emit": "4.7.0",
          "System.Reflection.Metadata": "8.0.0",
          "System.Runtime.CompilerServices.Unsafe": "6.1.0"
        }
      },
      "FSharp.Core": {
        "type": "Direct",
        "requested": "[9.0.202, )",
        "resolved": "9.0.202",
        "contentHash": "p8iGT2PeRL9q0ZIQ3ZhmRMRs4+b5Xaf9SSYKOt/+tDtznMQhHovYWaD1491RvBz8rnxcesAISbrkrjI1/4TUtw=="
      },
      "System.Text.Json": {
        "type": "Direct",
        "requested": "[9.0.0, )",
        "resolved": "9.0.0",
        "contentHash": "js7+qAu/9mQvnhA4EfGMZNEzXtJCDxgkgj8ohuxq/Qxv+R56G+ljefhiJHOxTNiw54q8vmABCWUwkMulNdlZ4A=="
      },
      "FSharp.SystemTextJson": {
        "type": "Transitive",
        "resolved": "1.3.13",
        "contentHash": "znp8odpdkVGKVX0AvbhiXdmeMi0KJ+A4AyAQWSkfAEAe4Z4clRE+rVhrLnAGrFD1VEIUX2lsQ4o84ywpWZUSGw==",
        "dependencies": {
          "FSharp.Core": "4.7.0",
          "System.Text.Json": "6.0.0"
        }
      },
      "Microsoft.Extensions.FileSystemGlobbing": {
        "type": "Transitive",
        "resolved": "9.0.4",
        "contentHash": "05Lh2ItSk4mzTdDWATW9nEcSybwprN8Tz42Fs5B+jwdXUpauktdAQUI1Am4sUQi2C63E5hvQp8gXvfwfg9mQGQ=="
      },
      "System.Buffers": {
        "type": "Transitive",
        "resolved": "4.6.0",
        "contentHash": "lN6tZi7Q46zFzAbRYXTIvfXcyvQQgxnY7Xm6C6xQ9784dEL1amjM6S6Iw4ZpsvesAKnRVsM4scrDQaDqSClkjA=="
      },
      "System.Collections.Immutable": {
        "type": "Transitive",
        "resolved": "8.0.0",
        "contentHash": "AurL6Y5BA1WotzlEvVaIDpqzpIPvYnnldxru8oXJU2yFxFUy3+pNXjXd1ymO+RA0rq0+590Q8gaz2l3Sr7fmqg=="
      },
      "System.Diagnostics.DiagnosticSource": {
        "type": "Transitive",
        "resolved": "8.0.0",
        "contentHash": "c9xLpVz6PL9lp/djOWtk5KPDZq3cSYpmXoJQY524EOtuFl5z9ZtsotpsyrDW40U1DRnQSYvcPKEUV0X//u6gkQ=="
      },
      "System.Memory": {
        "type": "Transitive",
        "resolved": "4.5.5",
        "contentHash": "XIWiDvKPXaTveaB7HVganDlOCRoj03l+jrwNvcge/t8vhGYKvqV+dMv6G4SAX2NoNmN0wZfVPTAlFwZcZvVOUw=="
      },
      "System.Reflection.Emit": {
        "type": "Transitive",
        "resolved": "4.7.0",
        "contentHash": "VR4kk8XLKebQ4MZuKuIni/7oh+QGFmZW3qORd1GvBq/8026OpW501SzT/oypwiQl4TvT8ErnReh/NzY9u+C6wQ=="
      },
      "System.Reflection.Metadata": {
        "type": "Transitive",
        "resolved": "8.0.0",
        "contentHash": "ptvgrFh7PvWI8bcVqG5rsA/weWM09EnthFHR5SCnS6IN+P4mj6rE1lBDC4U8HL9/57htKAqy4KQ3bBj84cfYyQ==",
        "dependencies": {
          "System.Collections.Immutable": "8.0.0"
        }
      },
      "System.Runtime.CompilerServices.Unsafe": {
        "type": "Transitive",
        "resolved": "6.1.0",
        "contentHash": "5o/HZxx6RVqYlhKSq8/zronDkALJZUT2Vz0hx43f0gwe8mwlM0y2nYlqdBwLMzr262Bwvpikeb/yEwkAa5PADg=="
      },
      "terrabuild.common": {
        "type": "Project",
        "dependencies": {
          "FSharp.Core": "[9.0.202, )",
          "FSharp.SystemTextJson": "[1.3.13, )",
          "Microsoft.Extensions.FileSystemGlobbing": "[9.0.4, )",
          "System.Text.Json": "[9.0.0, )"
        }
      },
      "terrabuild.expressions": {
        "type": "Project",
        "dependencies": {
          "FSharp.Core": "[9.0.202, )",
          "System.Text.Json": "[9.0.0, )",
          "Terrabuild.Common": "[1.0.0, )"
        }
      }
    },
    "net9.0/linux-arm64": {},
    "net9.0/linux-x64": {},
    "net9.0/osx-arm64": {},
    "net9.0/osx-x64": {},
    "net9.0/win-arm64": {},
    "net9.0/win-x64": {}
  }
}